
Microsoft Visual Studio Solution File, Format Version 12.00
# Visual Studio Version 16
VisualStudioVersion = 16.0.31105.61
MinimumVisualStudioVersion = 10.0.40219.1
Project("{FAE04EC0-301F-11D3-BF4B-00C04F79EFBC}") = "WebApplication3", "WebApplication3\WebApplication3.csproj", "{A705C9CF-A7F1-4612-AD02-38EBC95BB128}"
EndProject
Global
	GlobalSection(SolutionConfigurationPlatforms) = preSolution
		Debug|Any CPU = Debug|Any CPU
		Release|Any CPU = Release|Any CPU
	EndGlobalSection
	GlobalSection(ProjectConfigurationPlatforms) = postSolution
		{A705C9CF-A7F1-4612-AD02-38EBC95BB128}.Debug|Any CPU.ActiveCfg = Debug|Any CPU
		{A705C9CF-A7F1-4612-AD02-38EBC95BB128}.Debug|Any CPU.Build.0 = Debug|Any CPU
		{A705C9CF-A7F1-4612-AD02-38EBC95BB128}.Release|Any CPU.ActiveCfg = Release|Any CPU
		{A705C9CF-A7F1-4612-AD02-38EBC95BB128}.Release|Any CPU.Build.0 = Release|Any CPU
	EndGlobalSection
	GlobalSection(SolutionProperties) = preSolution
		HideSolutionNode = FALSE
	EndGlobalSection
	GlobalSection(ExtensibilityGlobals) = postSolution
		SolutionGuid = {AB6D3ACD-12DE-4A9D-BE17-E7190AF6666D}
	EndGlobalSection
EndGlobal
